// !$*UTF8*$!
{
	archiveVersion = 1;
	classes = {
	};
	objectVersion = 46;
	objects = {

/* Begin PBXBuildFile section */
		D8880A291CE387580006302F /* AppDelegate.swift in Sources */ = {isa = PBXBuildFile; fileRef = D8880A281CE387580006302F /* AppDelegate.swift */; };
		D8880A2B1CE387580006302F /* ViewController.swift in Sources */ = {isa = PBXBuildFile; fileRef = D8880A2A1CE387580006302F /* ViewController.swift */; };
		D8880A2E1CE387580006302F /* Main.storyboard in Resources */ = {isa = PBXBuildFile; fileRef = D8880A2C1CE387580006302F /* Main.storyboard */; };
		D8880A301CE387580006302F /* Assets.xcassets in Resources */ = {isa = PBXBuildFile; fileRef = D8880A2F1CE387580006302F /* Assets.xcassets */; };
		D8880A331CE387580006302F /* LaunchScreen.storyboard in Resources */ = {isa = PBXBuildFile; fileRef = D8880A311CE387580006302F /* LaunchScreen.storyboard */; };
/* End PBXBuildFile section */

/* Begin PBXFileReference section */
		D8880A251CE387580006302F /* miniWebBrowser.app */ = {isa = PBXFileReference; explicitFileType = wrapper.application; includeInIndex = 0; path = miniWebBrowser.app; sourceTree = BUILT_PRODUCTS_DIR; };
		D8880A281CE387580006302F /* AppDelegate.swift */ = {isa = PBXFileReference; lastKnownFileType = sourcecode.swift; path = AppDelegate.swift; sourceTree = "<group>"; };
		D8880A2A1CE387580006302F /* ViewController.swift */ = {isa = PBXFileReference; lastKnownFileType = sourcecode.swift; path = ViewController.swift; sourceTree = "<group>"; };
		D8880A2D1CE387580006302F /* Base */ = {isa = PBXFileReference; lastKnownFileType = file.storyboard; name = Base; path = Base.lproj/Main.storyboard; sourceTree = "<group>"; };
		D8880A2F1CE387580006302F /* Assets.xcassets */ = {isa = PBXFileReference; lastKnownFileType = folder.assetcatalog; path = Assets.xcassets; sourceTree = "<group>"; };
		D8880A321CE387580006302F /* Base */ = {isa = PBXFileReference; lastKnownFileType = file.storyboard; name = Base; path = Base.lproj/LaunchScreen.storyboard; sourceTree = "<group>"; };
		D8880A341CE387580006302F /* Info.plist */ = {isa = PBXFileReference; lastKnownFileType = text.plist.xml; path = Info.plist; sourceTree = "<group>"; };
/* End PBXFileReference section */

/* Begin PBXFrameworksBuildPhase section */
		D8880A221CE387580006302F /* Frameworks */ = {
			isa = PBXFrameworksBuildPhase;
			buildActionMask = 2147483647;
			files = (
			);
			runOnlyForDeploymentPostprocessing = 0;
		};
/* End PBXFrameworksBuildPhase section */

/* Begin PBXGroup section */
		D8880A1C1CE387580006302F = {
			isa = PBXGroup;
			children = (
				D8880A271CE387580006302F /* miniWebBrowser */,
				D8880A261CE387580006302F /* Products */,
			);
			sourceTree = "<group>";
		};
		D8880A261CE387580006302F /* Products */ = {
			isa = PBXGroup;
			children = (
				D8880A251CE387580006302F /* miniWebBrowser.app */,
			);
			name = Products;
			sourceTree = "<group>";
		};
		D8880A271CE387580006302F /* miniWebBrowser */ = {
			isa = PBXGroup;
			children = (
				D8880A281CE387580006302F /* AppDelegate.swift */,
				D8880A2A1CE387580006302F /* ViewController.swift */,
				D8880A2C1CE387580006302F /* Main.storyboard */,
				D8880A2F1CE387580006302F /* Assets.xcassets */,
				D8880A311CE387580006302F /* LaunchScreen.storyboard */,
				D8880A341CE387580006302F /* Info.plist */,
			);
			path = miniWebBrowser;
			sourceTree = "<group>";
		};
/* End PBXGroup section */

/* Begin PBXNativeTarget section */
		D8880A241CE387580006302F /* miniWebBrowser */ = {
			isa = PBXNativeTarget;
			buildConfigurationList = D8880A371CE387580006302F /* Build configuration list for PBXNativeTarget "miniWebBrowser" */;
			buildPhases = (
				D8880A211CE387580006302F /* Sources */,
				D8880A221CE387580006302F /* Frameworks */,
				D8880A231CE387580006302F /* Resources */,
			);
			buildRules = (
			);
			dependencies = (
			);
			name = miniWebBrowser;
			productName = miniWebBrowser;
			productReference = D8880A251CE387580006302F /* miniWebBrowser.app */;
			productType = "com.apple.product-type.application";
		};
/* End PBXNativeTarget section */

/* Begin PBXProject section */
		D8880A1D1CE387580006302F /* Project object */ = {
			isa = PBXProject;
			attributes = {
				LastSwiftUpdateCheck = 0730;
				LastUpgradeCheck = 0730;
				ORGANIZATIONNAME = "Hyung Jun Jun";
				TargetAttributes = {
					D8880A241CE387580006302F = {
						CreatedOnToolsVersion = 7.3.1;
						DevelopmentTeam = U7W85Z46G7;
					};
				};
			};
			buildConfigurationList = D8880A201CE387580006302F /* Build configuration list for PBXProject "miniWebBrowser" */;
			compatibilityVersion = "Xcode 3.2";
			developmentRegion = English;
			hasScannedForEncodings = 0;
			knownRegions = (
				en,
				Base,
			);
			mainGroup = D8880A1C1CE387580006302F;
			productRefGroup = D8880A261CE387580006302F /* Products */;
			projectDirPath = "";
			projectRoot = "";
			targets = (
				D8880A241CE387580006302F /* miniWebBrowser */,
			);
		};
/* End PBXProject section */

/* Begin PBXResourcesBuildPhase section */
		D8880A231CE387580006302F /* Resources */ = {
			isa = PBXResourcesBuildPhase;
			buildActionMask = 2147483647;
			files = (
				D8880A331CE387580006302F /* LaunchScreen.storyboard in Resources */,
				D8880A301CE387580006302F /* Assets.xcassets in Resources */,
				D8880A2E1CE387580006302F /* Main.storyboard in Resources */,
			);
			runOnlyForDeploymentPostprocessing = 0;
		};
/* End PBXResourcesBuildPhase section */

/* Begin PBXSourcesBuildPhase section */
		D8880A211CE387580006302F /* Sources */ = {
			isa = PBXSourcesBuildPhase;
			buildActionMask = 2147483647;
			files = (
				D8880A2B1CE387580006302F /* ViewController.swift in Sources */,
				D8880A291CE387580006302F /* AppDelegate.swift in Sources */,
			);
			runOnlyForDeploymentPostprocessing = 0;
		};
/* End PBXSourcesBuildPhase section */

/* Begin PBXVariantGroup section */
		D8880A2C1CE387580006302F /* Main.storyboard */ = {
			isa = PBXVariantGroup;
			children = (
				D8880A2D1CE387580006302F /* Base */,
			);
			name = Main.storyboard;
			sourceTree = "<group>";
		};
		D8880A311CE387580006302F /* LaunchScreen.storyboard */ = {
			isa = PBXVariantGroup;
			children = (
				D8880A321CE387580006302F /* Base */,
			);
			name = LaunchScreen.storyboard;
			sourceTree = "<group>";
		};
/* End PBXVariantGroup section */

/* Begin XCBuildConfiguration section */
		D8880A351CE387580006302F /* Debug */ = {
			isa = XCBuildConfiguration;
			buildSettings = {
				ALWAYS_SEARCH_USER_PATHS = NO;
				CLANG_ANALYZER_NONNULL = YES;
				CLANG_CXX_LANGUAGE_STANDARD = "gnu++0x";
				CLANG_CXX_LIBRARY = "libc++";
				CLANG_ENABLE_MODULES = YES;
				CLANG_ENABLE_OBJC_ARC = YES;
				CLANG_WARN_BOOL_CONVERSION = YES;
				CLANG_WARN_CONSTANT_CONVERSION = YES;
				CLANG_WARN_DIRECT_OBJC_ISA_USAGE = YES_ERROR;
				CLANG_WARN_EMPTY_BODY = YES;
				CLANG_WARN_ENUM_CONVERSION = YES;
				CLANG_WARN_INT_CONVERSION = YES;
				CLANG_WARN_OBJC_ROOT_CLASS = YES_ERROR;
				CLANG_WARN_UNREACHABLE_CODE = YES;
				CLANG_WARN__DUPLICATE_METHOD_MATCH = YES;
				"CODE_SIGN_IDENTITY[sdk=iphoneos*]" = "iPhone Developer";
				COPY_PHASE_STRIP = NO;
				DEBUG_INFORMATION_FORMAT = dwarf;
				ENABLE_STRICT_OBJC_MSGSEND = YES;
				ENABLE_TESTABILITY = YES;
				GCC_C_LANGUAGE_STANDARD = gnu99;
				GCC_DYNAMIC_NO_PIC = NO;
				GCC_NO_COMMON_BLOCKS = YES;
				GCC_OPTIMIZATION_LEVEL = 0;
				GCC_PREPROCESSOR_DEFINITIONS = (
					"DEBUG=1",
					"$(inherited)",
				);
				GCC_WARN_64_TO_32_BIT_CONVERSION = YES;
				GCC_WARN_ABOUT_RETURN_TYPE = YES_ERROR;
				GCC_WARN_UNDECLARED_SELECTOR = YES;
				GCC_WARN_UNINITIALIZED_AUTOS = YES_AGGRESSIVE;
				GCC_WARN_UNUSED_FUNCTION = YES;
				GCC_WARN_UNUSED_VARIABLE = YES;
				IPHONEOS_DEPLOYMENT_TARGET = 9.3;
				MTL_ENABLE_DEBUG_INFO = YES;
				ONLY_ACTIVE_ARCH = YES;
				SDKROOT = iphoneos;
				SWIFT_OPTIMIZATION_LEVEL = "-Onone";
			};
			name = Debug;
		};
		D8880A361CE387580006302F /* Release */ = {
			isa = XCBuildConfiguration;
			buildSettings = {
				ALWAYS_SEARCH_USER_PATHS = NO;
				CLANG_ANALYZER_NONNULL = YES;
				CLANG_CXX_LANGUAGE_STANDARD = "gnu++0x";
				CLANG_CXX_LIBRARY = "libc++";
				CLANG_ENABLE_MODULES = YES;
				CLANG_ENABLE_OBJC_ARC = YES;
				CLANG_WARN_BOOL_CONVERSION = YES;
				CLANG_WARN_CONSTANT_CONVERSION = YES;
				CLANG_WARN_DIRECT_OBJC_ISA_USAGE = YES_ERROR;
				CLANG_WARN_EMPTY_BODY = YES;
				CLANG_WARN_ENUM_CONVERSION = YES;
				CLANG_WARN_INT_CONVERSION = YES;
				CLANG_WARN_OBJC_ROOT_CLASS = YES_ERROR;
				CLANG_WARN_UNREACHABLE_CODE = YES;
				CLANG_WARN__DUPLICATE_METHOD_MATCH = YES;
				"CODE_SIGN_IDENTITY[sdk=iphoneos*]" = "iPhone Developer";
				COPY_PHASE_STRIP = NO;
				DEBUG_INFORMATION_FORMAT = "dwarf-with-dsym";
				ENABLE_NS_ASSERTIONS = NO;
				ENABLE_STRICT_OBJC_MSGSEND = YES;
				GCC_C_LANGUAGE_STANDARD = gnu99;
				GCC_NO_COMMON_BLOCKS = YES;
				GCC_WARN_64_TO_32_BIT_CONVERSION = YES;
				GCC_WARN_ABOUT_RETURN_TYPE = YES_ERROR;
				GCC_WARN_UNDECLARED_SELECTOR = YES;
				GCC_WARN_UNINITIALIZED_AUTOS = YES_AGGRESSIVE;
				GCC_WARN_UNUSED_FUNCTION = YES;
				GCC_WARN_UNUSED_VARIABLE = YES;
				IPHONEOS_DEPLOYMENT_TARGET = 9.3;
				MTL_ENABLE_DEBUG_INFO = NO;
				SDKROOT = iphoneos;
				VALIDATE_PRODUCT = YES;
			};
			name = Release;
		};
		D8880A381CE387580006302F /* Debug */ = {
			isa = XCBuildConfiguration;
			buildSettings = {
				ASSETCATALOG_COMPILER_APPICON_NAME = AppIcon;
				INFOPLIST_FILE = miniWebBrowser/Info.plist;
				LD_RUNPATH_SEARCH_PATHS = "$(inherited) @executable_path/Frameworks";
				PRODUCT_BUNDLE_IDENTIFIER = com.hyungjin.miniWebBrowser;
				PRODUCT_NAME = "$(TARGET_NAME)";
			};
			name = Debug;
		};
		D8880A391CE387580006302F /* Release */ = {
			isa = XCBuildConfiguration;
			buildSettings = {
				ASSETCATALOG_COMPILER_APPICON_NAME = AppIcon;
				INFOPLIST_FILE = miniWebBrowser/Info.plist;
				LD_RUNPATH_SEARCH_PATHS = "$(inherited) @executable_path/Frameworks";
				PRODUCT_BUNDLE_IDENTIFIER = com.hyungjin.miniWebBrowser;
				PRODUCT_NAME = "$(TARGET_NAME)";
			};
			name = Release;
		};
/* End XCBuildConfiguration section */

/* Begin XCConfigurationList section */
		D8880A201CE387580006302F /* Build configuration list for PBXProject "miniWebBrowser" */ = {
			isa = XCConfigurationList;
			buildConfigurations = (
				D8880A351CE387580006302F /* Debug */,
				D8880A361CE387580006302F /* Release */,
			);
			defaultConfigurationIsVisible = 0;
			defaultConfigurationName = Release;
		};
		D8880A371CE387580006302F /* Build configuration list for PBXNativeTarget "miniWebBrowser" */ = {
			isa = XCConfigurationList;
			buildConfigurations = (
				D8880A381CE387580006302F /* Debug */,
				D8880A391CE387580006302F /* Release */,
			);
			defaultConfigurationIsVisible = 0;
		};
/* End XCConfigurationList section */
	};
	rootObject = D8880A1D1CE387580006302F /* Project object */;
}
